
Microsoft Visual Studio Solution File, Format Version 12.00
# Visual Studio Version 17
VisualStudioVersion = 17.2.32526.322
MinimumVisualStudioVersion = 10.0.40219.1
Project("{FAE04EC0-301F-11D3-BF4B-00C04F79EFBC}") = "MovieTracker", "MovieTracker\MovieTracker.csproj", "{4BB9EEB9-A8F8-4E3E-A747-55F201FD3A76}"
EndProject
Global
	GlobalSection(SolutionConfigurationPlatforms) = preSolution
		Debug|Any CPU = Debug|Any CPU
		Release|Any CPU = Release|Any CPU
	EndGlobalSection
	GlobalSection(ProjectConfigurationPlatforms) = postSolution
		{4BB9EEB9-A8F8-4E3E-A747-55F201FD3A76}.Debug|Any CPU.ActiveCfg = Debug|Any CPU
		{4BB9EEB9-A8F8-4E3E-A747-55F201FD3A76}.Debug|Any CPU.Build.0 = Debug|Any CPU
		{4BB9EEB9-A8F8-4E3E-A747-55F201FD3A76}.Release|Any CPU.ActiveCfg = Release|Any CPU
		{4BB9EEB9-A8F8-4E3E-A747-55F201FD3A76}.Release|Any CPU.Build.0 = Release|Any CPU
	EndGlobalSection
	GlobalSection(SolutionProperties) = preSolution
		HideSolutionNode = FALSE
	EndGlobalSection
	GlobalSection(ExtensibilityGlobals) = postSolution
		SolutionGuid = {4BFD7CAD-EC67-4B55-AC90-667B38EB9922}
	EndGlobalSection
EndGlobal
